PODS:
  - ffmpeg_kit_flutter_new_min (7.1.1):
    - ffmpeg_kit_flutter_new_min/min (= 7.1.1)
    - FlutterMacOS
  - ffmpeg_kit_flutter_new_min/min (7.1.1):
    - FlutterMacOS
  - FlutterMacOS (1.0.0)
  - photo_manager (3.9.0):
    - Flutter
    - FlutterMacOS
  - share_plus (0.0.1):
    - FlutterMacOS
  - url_launcher_macos (0.0.1):
    - FlutterMacOS
  - video_player_avfoundation (0.0.1):
    - Flutter
    - FlutterMacOS

DEPENDENCIES:
  - ffmpeg_kit_flutter_new_min (from `Flutter/ephemeral/.symlinks/plugins/ffmpeg_kit_flutter_new_min/macos`)
  - FlutterMacOS (from `Flutter/ephemeral`)
  - photo_manager (from `Flutter/ephemeral/.symlinks/plugins/photo_manager/darwin`)
  - share_plus (from `Flutter/ephemeral/.symlinks/plugins/share_plus/macos`)
  - url_launcher_macos (from `Flutter/ephemeral/.symlinks/plugins/url_launcher_macos/macos`)
  - video_player_avfoundation (from `Flutter/ephemeral/.symlinks/plugins/video_player_avfoundation/darwin`)

EXTERNAL SOURCES:
  ffmpeg_kit_flutter_new_min:
    :path: Flutter/ephemeral/.symlinks/plugins/ffmpeg_kit_flutter_new_min/macos
  FlutterMacOS:
    :path: Flutter/ephemeral
  photo_manager:
    :path: Flutter/ephemeral/.symlinks/plugins/photo_manager/darwin
  share_plus:
    :path: Flutter/ephemeral/.symlinks/plugins/share_plus/macos
  url_launcher_macos:
    :path: Flutter/ephemeral/.symlinks/plugins/url_launcher_macos/macos
  video_player_avfoundation:
    :path: Flutter/ephemeral/.symlinks/plugins/video_player_avfoundation/darwin

SPEC CHECKSUMS:
  ffmpeg_kit_flutter_new_min: 623d95fe4c00311175a10f9ab3efa312c266ead6
  FlutterMacOS: d0db08ddef1a9af05a5ec4b724367152bb0500b1
  photo_manager: 25fd77df14f4f0ba5ef99e2c61814dde77e2bceb
  share_plus: 510bf0af1a42cd602274b4629920c9649c52f4cc
  url_launcher_macos: f87a979182d112f911de6820aefddaf56ee9fbfd
  video_player_avfoundation: dd410b52df6d2466a42d28550e33e4146928280a

PODFILE CHECKSUM: 54d867c82ac51cbd61b565781b9fada492027009

COCOAPODS: 1.16.2
